// !$*UTF8*$!
{
	archiveVersion = 1;
	classes = {
	};
	objectVersion = 56;
	objects = {

/* Begin PBXBuildFile section */
		BD907B6D28E0F3AD00CD5F36 /* AppDelegate.swift in Sources */ = {isa = PBXBuildFile; fileRef = BD907B6C28E0F3AD00CD5F36 /* AppDelegate.swift */; };
		BD907B6F28E0F3AD00CD5F36 /* SceneDelegate.swift in Sources */ = {isa = PBXBuildFile; fileRef = BD907B6E28E0F3AD00CD5F36 /* SceneDelegate.swift */; };
		BD907B7128E0F3AD00CD5F36 /* ViewController.swift in Sources */ = {isa = PBXBuildFile; fileRef = BD907B7028E0F3AD00CD5F36 /* ViewController.swift */; };
		BD907B7428E0F3AD00CD5F36 /* Main.storyboard in Resources */ = {isa = PBXBuildFile; fileRef = BD907B7228E0F3AD00CD5F36 /* Main.storyboard */; };
		BD907B7628E0F3AE00CD5F36 /* Assets.xcassets in Resources */ = {isa = PBXBuildFile; fileRef = BD907B7528E0F3AE00CD5F36 /* Assets.xcassets */; };
		BD907B7928E0F3AE00CD5F36 /* LaunchScreen.storyboard in Resources */ = {isa = PBXBuildFile; fileRef = BD907B7728E0F3AE00CD5F36 /* LaunchScreen.storyboard */; };
		BD907B8228E0FB6600CD5F36 /* FoodTableViewCell.swift in Sources */ = {isa = PBXBuildFile; fileRef = BD907B8028E0FB6600CD5F36 /* FoodTableViewCell.swift */; };
		BD907B8328E0FB6600CD5F36 /* FoodTableViewCell.xib in Resources */ = {isa = PBXBuildFile; fileRef = BD907B8128E0FB6600CD5F36 /* FoodTableViewCell.xib */; };
/* End PBXBuildFile section */

/* Begin PBXFileReference section */
		BD907B6928E0F3AD00CD5F36 /* FoodImages.app */ = {isa = PBXFileReference; explicitFileType = wrapper.application; includeInIndex = 0; path = FoodImages.app; sourceTree = BUILT_PRODUCTS_DIR; };
		BD907B6C28E0F3AD00CD5F36 /* AppDelegate.swift */ = {isa = PBXFileReference; lastKnownFileType = sourcecode.swift; path = AppDelegate.swift; sourceTree = "<group>"; };
		BD907B6E28E0F3AD00CD5F36 /* SceneDelegate.swift */ = {isa = PBXFileReference; lastKnownFileType = sourcecode.swift; path = SceneDelegate.swift; sourceTree = "<group>"; };
		BD907B7028E0F3AD00CD5F36 /* ViewController.swift */ = {isa = PBXFileReference; lastKnownFileType = sourcecode.swift; path = ViewController.swift; sourceTree = "<group>"; };
		BD907B7328E0F3AD00CD5F36 /* Base */ = {isa = PBXFileReference; lastKnownFileType = file.storyboard; name = Base; path = Base.lproj/Main.storyboard; sourceTree = "<group>"; };
		BD907B7528E0F3AE00CD5F36 /* Assets.xcassets */ = {isa = PBXFileReference; lastKnownFileType = folder.assetcatalog; path = Assets.xcassets; sourceTree = "<group>"; };
		BD907B7828E0F3AE00CD5F36 /* Base */ = {isa = PBXFileReference; lastKnownFileType = file.storyboard; name = Base; path = Base.lproj/LaunchScreen.storyboard; sourceTree = "<group>"; };
		BD907B7A28E0F3AE00CD5F36 /* Info.plist */ = {isa = PBXFileReference; lastKnownFileType = text.plist.xml; path = Info.plist; sourceTree = "<group>"; };
		BD907B8028E0FB6600CD5F36 /* FoodTableViewCell.swift */ = {isa = PBXFileReference; lastKnownFileType = sourcecode.swift; path = FoodTableViewCell.swift; sourceTree = "<group>"; };
		BD907B8128E0FB6600CD5F36 /* FoodTableViewCell.xib */ = {isa = PBXFileReference; lastKnownFileType = file.xib; path = FoodTableViewCell.xib; sourceTree = "<group>"; };
/* End PBXFileReference section */

/* Begin PBXFrameworksBuildPhase section */
		BD907B6628E0F3AD00CD5F36 /* Frameworks */ = {
			isa = PBXFrameworksBuildPhase;
			buildActionMask = 2147483647;
			files = (
			);
			runOnlyForDeploymentPostprocessing = 0;
		};
/* End PBXFrameworksBuildPhase section */

/* Begin PBXGroup section */
		BD907B6028E0F3AD00CD5F36 = {
			isa = PBXGroup;
			children = (
				BD907B6B28E0F3AD00CD5F36 /* FoodImages */,
				BD907B6A28E0F3AD00CD5F36 /* Products */,
			);
			sourceTree = "<group>";
		};
		BD907B6A28E0F3AD00CD5F36 /* Products */ = {
			isa = PBXGroup;
			children = (
				BD907B6928E0F3AD00CD5F36 /* FoodImages.app */,
			);
			name = Products;
			sourceTree = "<group>";
		};
		BD907B6B28E0F3AD00CD5F36 /* FoodImages */ = {
			isa = PBXGroup;
			children = (
				BD907B6C28E0F3AD00CD5F36 /* AppDelegate.swift */,
				BD907B6E28E0F3AD00CD5F36 /* SceneDelegate.swift */,
				BD907B7028E0F3AD00CD5F36 /* ViewController.swift */,
				BD907B7228E0F3AD00CD5F36 /* Main.storyboard */,
				BD907B7528E0F3AE00CD5F36 /* Assets.xcassets */,
				BD907B7728E0F3AE00CD5F36 /* LaunchScreen.storyboard */,
				BD907B7A28E0F3AE00CD5F36 /* Info.plist */,
				BD907B8028E0FB6600CD5F36 /* FoodTableViewCell.swift */,
				BD907B8128E0FB6600CD5F36 /* FoodTableViewCell.xib */,
			);
			path = FoodImages;
			sourceTree = "<group>";
		};
/* End PBXGroup section */

/* Begin PBXNativeTarget section */
		BD907B6828E0F3AD00CD5F36 /* FoodImages */ = {
			isa = PBXNativeTarget;
			buildConfigurationList = BD907B7D28E0F3AE00CD5F36 /* Build configuration list for PBXNativeTarget "FoodImages" */;
			buildPhases = (
				BD907B6528E0F3AD00CD5F36 /* Sources */,
				BD907B6628E0F3AD00CD5F36 /* Frameworks */,
				BD907B6728E0F3AD00CD5F36 /* Resources */,
			);
			buildRules = (
			);
			dependencies = (
			);
			name = FoodImages;
			productName = FoodImages;
			productReference = BD907B6928E0F3AD00CD5F36 /* FoodImages.app */;
			productType = "com.apple.product-type.application";
		};
/* End PBXNativeTarget section */

/* Begin PBXProject section */
		BD907B6128E0F3AD00CD5F36 /* Project object */ = {
			isa = PBXProject;
			attributes = {
				BuildIndependentTargetsInParallel = 1;
				LastSwiftUpdateCheck = 1400;
				LastUpgradeCheck = 1400;
				TargetAttributes = {
					BD907B6828E0F3AD00CD5F36 = {
						CreatedOnToolsVersion = 14.0;
					};
				};
			};
			buildConfigurationList = BD907B6428E0F3AD00CD5F36 /* Build configuration list for PBXProject "FoodImages" */;
			compatibilityVersion = "Xcode 14.0";
			developmentRegion = en;
			hasScannedForEncodings = 0;
			knownRegions = (
				en,
				Base,
			);
			mainGroup = BD907B6028E0F3AD00CD5F36;
			productRefGroup = BD907B6A28E0F3AD00CD5F36 /* Products */;
			projectDirPath = "";
			projectRoot = "";
			targets = (
				BD907B6828E0F3AD00CD5F36 /* FoodImages */,
			);
		};
/* End PBXProject section */

/* Begin PBXResourcesBuildPhase section */
		BD907B6728E0F3AD00CD5F36 /* Resources */ = {
			isa = PBXResourcesBuildPhase;
			buildActionMask = 2147483647;
			files = (
				BD907B7928E0F3AE00CD5F36 /* LaunchScreen.storyboard in Resources */,
				BD907B8328E0FB6600CD5F36 /* FoodTableViewCell.xib in Resources */,
				BD907B7628E0F3AE00CD5F36 /* Assets.xcassets in Resources */,
				BD907B7428E0F3AD00CD5F36 /* Main.storyboard in Resources */,
			);
			runOnlyForDeploymentPostprocessing = 0;
		};
/* End PBXResourcesBuildPhase section */

/* Begin PBXSourcesBuildPhase section */
		BD907B6528E0F3AD00CD5F36 /* Sources */ = {
			isa = PBXSourcesBuildPhase;
			buildActionMask = 2147483647;
			files = (
				BD907B7128E0F3AD00CD5F36 /* ViewController.swift in Sources */,
				BD907B8228E0FB6600CD5F36 /* FoodTableViewCell.swift in Sources */,
				BD907B6D28E0F3AD00CD5F36 /* AppDelegate.swift in Sources */,
				BD907B6F28E0F3AD00CD5F36 /* SceneDelegate.swift in Sources */,
			);
			runOnlyForDeploymentPostprocessing = 0;
		};
/* End PBXSourcesBuildPhase section */

/* Begin PBXVariantGroup section */
		BD907B7228E0F3AD00CD5F36 /* Main.storyboard */ = {
			isa = PBXVariantGroup;
			children = (
				BD907B7328E0F3AD00CD5F36 /* Base */,
			);
			name = Main.storyboard;
			sourceTree = "<group>";
		};
		BD907B7728E0F3AE00CD5F36 /* LaunchScreen.storyboard */ = {
			isa = PBXVariantGroup;
			children = (
				BD907B7828E0F3AE00CD5F36 /* Base */,
			);
			name = LaunchScreen.storyboard;
			sourceTree = "<group>";
		};
/* End PBXVariantGroup section */

/* Begin XCBuildConfiguration section */
		BD907B7B28E0F3AE00CD5F36 /* Debug */ = {
			isa = XCBuildConfiguration;
			buildSettings = {
				ALWAYS_SEARCH_USER_PATHS = NO;
				CLANG_ANALYZER_NONNULL = YES;
				CLANG_ANALYZER_NUMBER_OBJECT_CONVERSION = YES_AGGRESSIVE;
				CLANG_CXX_LANGUAGE_STANDARD = "gnu++20";
				CLANG_ENABLE_MODULES = YES;
				CLANG_ENABLE_OBJC_ARC = YES;
				CLANG_ENABLE_OBJC_WEAK = YES;
				CLANG_WARN_BLOCK_CAPTURE_AUTORELEASING = YES;
				CLANG_WARN_BOOL_CONVERSION = YES;
				CLANG_WARN_COMMA = YES;
				CLANG_WARN_CONSTANT_CONVERSION = YES;
				CLANG_WARN_DEPRECATED_OBJC_IMPLEMENTATIONS = YES;
				CLANG_WARN_DIRECT_OBJC_ISA_USAGE = YES_ERROR;
				CLANG_WARN_DOCUMENTATION_COMMENTS = YES;
				CLANG_WARN_EMPTY_BODY = YES;
				CLANG_WARN_ENUM_CONVERSION = YES;
				CLANG_WARN_INFINITE_RECURSION = YES;
				CLANG_WARN_INT_CONVERSION = YES;
				CLANG_WARN_NON_LITERAL_NULL_CONVERSION = YES;
				CLANG_WARN_OBJC_IMPLICIT_RETAIN_SELF = YES;
				CLANG_WARN_OBJC_LITERAL_CONVERSION = YES;
				CLANG_WARN_OBJC_ROOT_CLASS = YES_ERROR;
				CLANG_WARN_QUOTED_INCLUDE_IN_FRAMEWORK_HEADER = YES;
				CLANG_WARN_RANGE_LOOP_ANALYSIS = YES;
				CLANG_WARN_STRICT_PROTOTYPES = YES;
				CLANG_WARN_SUSPICIOUS_MOVE = YES;
				CLANG_WARN_UNGUARDED_AVAILABILITY = YES_AGGRESSIVE;
				CLANG_WARN_UNREACHABLE_CODE = YES;
				CLANG_WARN__DUPLICATE_METHOD_MATCH = YES;
				COPY_PHASE_STRIP = NO;
				DEBUG_INFORMATION_FORMAT = dwarf;
				ENABLE_STRICT_OBJC_MSGSEND = YES;
				ENABLE_TESTABILITY = YES;
				GCC_C_LANGUAGE_STANDARD = gnu11;
				GCC_DYNAMIC_NO_PIC = NO;
				GCC_NO_COMMON_BLOCKS = YES;
				GCC_OPTIMIZATION_LEVEL = 0;
				GCC_PREPROCESSOR_DEFINITIONS = (
					"DEBUG=1",
					"$(inherited)",
				);
				GCC_WARN_64_TO_32_BIT_CONVERSION = YES;
				GCC_WARN_ABOUT_RETURN_TYPE = YES_ERROR;
				GCC_WARN_UNDECLARED_SELECTOR = YES;
				GCC_WARN_UNINITIALIZED_AUTOS = YES_AGGRESSIVE;
				GCC_WARN_UNUSED_FUNCTION = YES;
				GCC_WARN_UNUSED_VARIABLE = YES;
				IPHONEOS_DEPLOYMENT_TARGET = 16.0;
				MTL_ENABLE_DEBUG_INFO = INCLUDE_SOURCE;
				MTL_FAST_MATH = YES;
				ONLY_ACTIVE_ARCH = YES;
				SDKROOT = iphoneos;
				SWIFT_ACTIVE_COMPILATION_CONDITIONS = DEBUG;
				SWIFT_OPTIMIZATION_LEVEL = "-Onone";
			};
			name = Debug;
		};
		BD907B7C28E0F3AE00CD5F36 /* Release */ = {
			isa = XCBuildConfiguration;
			buildSettings = {
				ALWAYS_SEARCH_USER_PATHS = NO;
				CLANG_ANALYZER_NONNULL = YES;
				CLANG_ANALYZER_NUMBER_OBJECT_CONVERSION = YES_AGGRESSIVE;
				CLANG_CXX_LANGUAGE_STANDARD = "gnu++20";
				CLANG_ENABLE_MODULES = YES;
				CLANG_ENABLE_OBJC_ARC = YES;
				CLANG_ENABLE_OBJC_WEAK = YES;
				CLANG_WARN_BLOCK_CAPTURE_AUTORELEASING = YES;
				CLANG_WARN_BOOL_CONVERSION = YES;
				CLANG_WARN_COMMA = YES;
				CLANG_WARN_CONSTANT_CONVERSION = YES;
				CLANG_WARN_DEPRECATED_OBJC_IMPLEMENTATIONS = YES;
				CLANG_WARN_DIRECT_OBJC_ISA_USAGE = YES_ERROR;
				CLANG_WARN_DOCUMENTATION_COMMENTS = YES;
				CLANG_WARN_EMPTY_BODY = YES;
				CLANG_WARN_ENUM_CONVERSION = YES;
				CLANG_WARN_INFINITE_RECURSION = YES;
				CLANG_WARN_INT_CONVERSION = YES;
				CLANG_WARN_NON_LITERAL_NULL_CONVERSION = YES;
				CLANG_WARN_OBJC_IMPLICIT_RETAIN_SELF = YES;
				CLANG_WARN_OBJC_LITERAL_CONVERSION = YES;
				CLANG_WARN_OBJC_ROOT_CLASS = YES_ERROR;
				CLANG_WARN_QUOTED_INCLUDE_IN_FRAMEWORK_HEADER = YES;
				CLANG_WARN_RANGE_LOOP_ANALYSIS = YES;
				CLANG_WARN_STRICT_PROTOTYPES = YES;
				CLANG_WARN_SUSPICIOUS_MOVE = YES;
				CLANG_WARN_UNGUARDED_AVAILABILITY = YES_AGGRESSIVE;
				CLANG_WARN_UNREACHABLE_CODE = YES;
				CLANG_WARN__DUPLICATE_METHOD_MATCH = YES;
				COPY_PHASE_STRIP = NO;
				DEBUG_INFORMATION_FORMAT = "dwarf-with-dsym";
				ENABLE_NS_ASSERTIONS = NO;
				ENABLE_STRICT_OBJC_MSGSEND = YES;
				GCC_C_LANGUAGE_STANDARD = gnu11;
				GCC_NO_COMMON_BLOCKS = YES;
				GCC_WARN_64_TO_32_BIT_CONVERSION = YES;
				GCC_WARN_ABOUT_RETURN_TYPE = YES_ERROR;
				GCC_WARN_UNDECLARED_SELECTOR = YES;
				GCC_WARN_UNINITIALIZED_AUTOS = YES_AGGRESSIVE;
				GCC_WARN_UNUSED_FUNCTION = YES;
				GCC_WARN_UNUSED_VARIABLE = YES;
				IPHONEOS_DEPLOYMENT_TARGET = 16.0;
				MTL_ENABLE_DEBUG_INFO = NO;
				MTL_FAST_MATH = YES;
				SDKROOT = iphoneos;
				SWIFT_COMPILATION_MODE = wholemodule;
				SWIFT_OPTIMIZATION_LEVEL = "-O";
				VALIDATE_PRODUCT = YES;
			};
			name = Release;
		};
		BD907B7E28E0F3AE00CD5F36 /* Debug */ = {
			isa = XCBuildConfiguration;
			buildSettings = {
				ASSETCATALOG_COMPILER_APPICON_NAME = AppIcon;
				ASSETCATALOG_COMPILER_GLOBAL_ACCENT_COLOR_NAME = AccentColor;
				CODE_SIGN_STYLE = Automatic;
				CURRENT_PROJECT_VERSION = 1;
				GENERATE_INFOPLIST_FILE = YES;
				INFOPLIST_FILE = FoodImages/Info.plist;
				INFOPLIST_KEY_UIApplicationSupportsIndirectInputEvents = YES;
				INFOPLIST_KEY_UILaunchStoryboardName = LaunchScreen;
				INFOPLIST_KEY_UIMainStoryboardFile = Main;
				INFOPLIST_KEY_UISupportedInterfaceOrientations_iPad = "UIInterfaceOrientationPortrait UIInterfaceOrientationPortraitUpsideDown UIInterfaceOrientationLandscapeLeft UIInterfaceOrientationLandscapeRight";
				INFOPLIST_KEY_UISupportedInterfaceOrientations_iPhone = "UIInterfaceOrientationPortrait UIInterfaceOrientationLandscapeLeft UIInterfaceOrientationLandscapeRight";
				LD_RUNPATH_SEARCH_PATHS = (
					"$(inherited)",
					"@executable_path/Frameworks",
				);
				MARKETING_VERSION = 1.0;
				PRODUCT_BUNDLE_IDENTIFIER = Erigrigh.FoodImages;
				PRODUCT_NAME = "$(TARGET_NAME)";
				SWIFT_EMIT_LOC_STRINGS = YES;
				SWIFT_VERSION = 5.0;
				TARGETED_DEVICE_FAMILY = "1,2";
			};
			name = Debug;
		};
		BD907B7F28E0F3AE00CD5F36 /* Release */ = {
			isa = XCBuildConfiguration;
			buildSettings = {
				ASSETCATALOG_COMPILER_APPICON_NAME = AppIcon;
				ASSETCATALOG_COMPILER_GLOBAL_ACCENT_COLOR_NAME = AccentColor;
				CODE_SIGN_STYLE = Automatic;
				CURRENT_PROJECT_VERSION = 1;
				GENERATE_INFOPLIST_FILE = YES;
				INFOPLIST_FILE = FoodImages/Info.plist;
				INFOPLIST_KEY_UIApplicationSupportsIndirectInputEvents = YES;
				INFOPLIST_KEY_UILaunchStoryboardName = LaunchScreen;
				INFOPLIST_KEY_UIMainStoryboardFile = Main;
				INFOPLIST_KEY_UISupportedInterfaceOrientations_iPad = "UIInterfaceOrientationPortrait UIInterfaceOrientationPortraitUpsideDown UIInterfaceOrientationLandscapeLeft UIInterfaceOrientationLandscapeRight";
				INFOPLIST_KEY_UISupportedInterfaceOrientations_iPhone = "UIInterfaceOrientationPortrait UIInterfaceOrientationLandscapeLeft UIInterfaceOrientationLandscapeRight";
				LD_RUNPATH_SEARCH_PATHS = (
					"$(inherited)",
					"@executable_path/Frameworks",
				);
				MARKETING_VERSION = 1.0;
				PRODUCT_BUNDLE_IDENTIFIER = Erigrigh.FoodImages;
				PRODUCT_NAME = "$(TARGET_NAME)";
				SWIFT_EMIT_LOC_STRINGS = YES;
				SWIFT_VERSION = 5.0;
				TARGETED_DEVICE_FAMILY = "1,2";
			};
			name = Release;
		};
/* End XCBuildConfiguration section */

/* Begin XCConfigurationList section */
		BD907B6428E0F3AD00CD5F36 /* Build configuration list for PBXProject "FoodImages" */ = {
			isa = XCConfigurationList;
			buildConfigurations = (
				BD907B7B28E0F3AE00CD5F36 /* Debug */,
				BD907B7C28E0F3AE00CD5F36 /* Release */,
			);
			defaultConfigurationIsVisible = 0;
			defaultConfigurationName = Release;
		};
		BD907B7D28E0F3AE00CD5F36 /* Build configuration list for PBXNativeTarget "FoodImages" */ = {
			isa = XCConfigurationList;
			buildConfigurations = (
				BD907B7E28E0F3AE00CD5F36 /* Debug */,
				BD907B7F28E0F3AE00CD5F36 /* Release */,
			);
			defaultConfigurationIsVisible = 0;
			defaultConfigurationName = Release;
		};
/* End XCConfigurationList section */
	};
	rootObject = BD907B6128E0F3AD00CD5F36 /* Project object */;
}
